// !$*UTF8*$!
{
	archiveVersion = 1;
	classes = {
	};
	objectVersion = 55;
	objects = {

/* Begin PBXBuildFile section */
		AF26B2732822317400ACE8B9 /* TabScheduleViewController.swift in Sources */ = {isa = PBXBuildFile; fileRef = AF26B2722822317400ACE8B9 /* TabScheduleViewController.swift */; };
		AF26B2752822580A00ACE8B9 /* AddItemViewController.swift in Sources */ = {isa = PBXBuildFile; fileRef = AF26B2742822580A00ACE8B9 /* AddItemViewController.swift */; };
		AF27503D2819174A00152BB1 /* AppDelegate.swift in Sources */ = {isa = PBXBuildFile; fileRef = AF27503C2819174A00152BB1 /* AppDelegate.swift */; };
		AF27503F2819174A00152BB1 /* SceneDelegate.swift in Sources */ = {isa = PBXBuildFile; fileRef = AF27503E2819174A00152BB1 /* SceneDelegate.swift */; };
		AF2750442819174A00152BB1 /* Main.storyboard in Resources */ = {isa = PBXBuildFile; fileRef = AF2750422819174A00152BB1 /* Main.storyboard */; };
		AF2750462819174C00152BB1 /* Assets.xcassets in Resources */ = {isa = PBXBuildFile; fileRef = AF2750452819174C00152BB1 /* Assets.xcassets */; };
		AF2750492819174C00152BB1 /* LaunchScreen.storyboard in Resources */ = {isa = PBXBuildFile; fileRef = AF2750472819174C00152BB1 /* LaunchScreen.storyboard */; };
		AF2750542819174C00152BB1 /* whatsnextTests.swift in Sources */ = {isa = PBXBuildFile; fileRef = AF2750532819174C00152BB1 /* whatsnextTests.swift */; };
		AF27505E2819174C00152BB1 /* whatsnextUITests.swift in Sources */ = {isa = PBXBuildFile; fileRef = AF27505D2819174C00152BB1 /* whatsnextUITests.swift */; };
		AF2750602819174C00152BB1 /* whatsnextUITestsLaunchTests.swift in Sources */ = {isa = PBXBuildFile; fileRef = AF27505F2819174C00152BB1 /* whatsnextUITestsLaunchTests.swift */; };
		AF4D1BB72852C8CA00340A31 /* Subtask+CoreDataClass.swift in Sources */ = {isa = PBXBuildFile; fileRef = AF4D1BB12852C8CA00340A31 /* Subtask+CoreDataClass.swift */; };
		AF4D1BB82852C8CA00340A31 /* Subtask+CoreDataProperties.swift in Sources */ = {isa = PBXBuildFile; fileRef = AF4D1BB22852C8CA00340A31 /* Subtask+CoreDataProperties.swift */; };
		AF4D1BB92852C8CA00340A31 /* Thing+CoreDataClass.swift in Sources */ = {isa = PBXBuildFile; fileRef = AF4D1BB32852C8CA00340A31 /* Thing+CoreDataClass.swift */; };
		AF4D1BBA2852C8CA00340A31 /* Thing+CoreDataProperties.swift in Sources */ = {isa = PBXBuildFile; fileRef = AF4D1BB42852C8CA00340A31 /* Thing+CoreDataProperties.swift */; };
		AF4D1BBF2852CB0D00340A31 /* Time+CoreDataClass.swift in Sources */ = {isa = PBXBuildFile; fileRef = AF4D1BBD2852CB0D00340A31 /* Time+CoreDataClass.swift */; };
		AF4D1BC02852CB0D00340A31 /* Time+CoreDataProperties.swift in Sources */ = {isa = PBXBuildFile; fileRef = AF4D1BBE2852CB0D00340A31 /* Time+CoreDataProperties.swift */; };
		AF4D1BC32852FBDB00340A31 /* Journal+CoreDataClass.swift in Sources */ = {isa = PBXBuildFile; fileRef = AF4D1BC12852FBDB00340A31 /* Journal+CoreDataClass.swift */; };
		AF4D1BC42852FBDB00340A31 /* Journal+CoreDataProperties.swift in Sources */ = {isa = PBXBuildFile; fileRef = AF4D1BC22852FBDB00340A31 /* Journal+CoreDataProperties.swift */; };
		AF6E0CED282B82A700FAB86F /* ItemDetailsViewController.swift in Sources */ = {isa = PBXBuildFile; fileRef = AF6E0CEC282B82A700FAB86F /* ItemDetailsViewController.swift */; };
		AF80AEFA2848B297000D670D /* DataModel.xcdatamodeld in Sources */ = {isa = PBXBuildFile; fileRef = AF80AEF82848B297000D670D /* DataModel.xcdatamodeld */; };
		AF80AEFE2848CE5D000D670D /* Random+CoreDataClass.swift in Sources */ = {isa = PBXBuildFile; fileRef = AF80AEFC2848CE5D000D670D /* Random+CoreDataClass.swift */; };
		AF80AEFF2848CE5D000D670D /* Random+CoreDataProperties.swift in Sources */ = {isa = PBXBuildFile; fileRef = AF80AEFD2848CE5D000D670D /* Random+CoreDataProperties.swift */; };
		AF9F80DF283C9F1D00E647DC /* EditItemViewController.swift in Sources */ = {isa = PBXBuildFile; fileRef = AF9F80DE283C9F1D00E647DC /* EditItemViewController.swift */; };
		AF9F80E1283DD54000E647DC /* TabRandomViewController.swift in Sources */ = {isa = PBXBuildFile; fileRef = AF9F80E0283DD54000E647DC /* TabRandomViewController.swift */; };
		AF9F80E7283F120E00E647DC /* TabSettingsTableViewController.swift in Sources */ = {isa = PBXBuildFile; fileRef = AF9F80E6283F120E00E647DC /* TabSettingsTableViewController.swift */; };
		AF9F80E9283F1D7500E647DC /* TabRoutineViewController.swift in Sources */ = {isa = PBXBuildFile; fileRef = AF9F80E8283F1D7500E647DC /* TabRoutineViewController.swift */; };
		AF9F80EB283F535C00E647DC /* AccountViewController.swift in Sources */ = {isa = PBXBuildFile; fileRef = AF9F80EA283F535C00E647DC /* AccountViewController.swift */; };
		AFDC9FB62819244700BB5C39 /* LogInViewController.swift in Sources */ = {isa = PBXBuildFile; fileRef = AFDC9FB52819244700BB5C39 /* LogInViewController.swift */; };
		AFDC9FB828192B1900BB5C39 /* Account.swift in Sources */ = {isa = PBXBuildFile; fileRef = AFDC9FB728192B1900BB5C39 /* Account.swift */; };
		AFDC9FBB281A520200BB5C39 /* FirebaseAuth in Frameworks */ = {isa = PBXBuildFile; productRef = AFDC9FBA281A520200BB5C39 /* FirebaseAuth */; };
		AFDC9FBD281A520200BB5C39 /* FirebaseFirestore in Frameworks */ = {isa = PBXBuildFile; productRef = AFDC9FBC281A520200BB5C39 /* FirebaseFirestore */; };
		AFDC9FBF281A520200BB5C39 /* FirebaseFirestoreSwift-Beta in Frameworks */ = {isa = PBXBuildFile; productRef = AFDC9FBE281A520200BB5C39 /* FirebaseFirestoreSwift-Beta */; };
		AFDC9FC1281A552100BB5C39 /* GoogleService-Info.plist in Resources */ = {isa = PBXBuildFile; fileRef = AFDC9FC0281A552100BB5C39 /* GoogleService-Info.plist */; };
		AFDC9FC3281A7A4F00BB5C39 /* FirebaseController.swift in Sources */ = {isa = PBXBuildFile; fileRef = AFDC9FC2281A7A4F00BB5C39 /* FirebaseController.swift */; };
		AFDC9FC5281A7A9000BB5C39 /* DatabaseProtocol.swift in Sources */ = {isa = PBXBuildFile; fileRef = AFDC9FC4281A7A9000BB5C39 /* DatabaseProtocol.swift */; };
		AFDC9FC7281A7CC300BB5C39 /* MulticastDelegate.swift in Sources */ = {isa = PBXBuildFile; fileRef = AFDC9FC6281A7CC300BB5C39 /* MulticastDelegate.swift */; };
		AFDC9FC9281A896500BB5C39 /* UIViewController+displayMessage.swift in Sources */ = {isa = PBXBuildFile; fileRef = AFDC9FC8281A896500BB5C39 /* UIViewController+displayMessage.swift */; };
		AFDC9FCB281A930A00BB5C39 /* SignUpViewController.swift in Sources */ = {isa = PBXBuildFile; fileRef = AFDC9FCA281A930A00BB5C39 /* SignUpViewController.swift */; };
		AFDC9FCD281A97D800BB5C39 /* LoadAccountsDelegate.swift in Sources */ = {isa = PBXBuildFile; fileRef = AFDC9FCC281A97D800BB5C39 /* LoadAccountsDelegate.swift */; };
		AFF9BF332823AFD90082AC74 /* EditJournalViewController.swift in Sources */ = {isa = PBXBuildFile; fileRef = AFF9BF322823AFD90082AC74 /* EditJournalViewController.swift */; };
/* End PBXBuildFile section */

/* Begin PBXContainerItemProxy section */
		AF2750502819174C00152BB1 /* PBXContainerItemProxy */ = {
			isa = PBXContainerItemProxy;
			containerPortal = AF2750312819174A00152BB1 /* Project object */;
			proxyType = 1;
			remoteGlobalIDString = AF2750382819174A00152BB1;
			remoteInfo = whatsnext;
		};
		AF27505A2819174C00152BB1 /* PBXContainerItemProxy */ = {
			isa = PBXContainerItemProxy;
			containerPortal = AF2750312819174A00152BB1 /* Project object */;
			proxyType = 1;
			remoteGlobalIDString = AF2750382819174A00152BB1;
			remoteInfo = whatsnext;
		};
/* End PBXContainerItemProxy section */

/* Begin PBXFileReference section */
		AF26B2722822317400ACE8B9 /* TabScheduleViewController.swift */ = {isa = PBXFileReference; lastKnownFileType = sourcecode.swift; path = TabScheduleViewController.swift; sourceTree = "<group>"; };
		AF26B2742822580A00ACE8B9 /* AddItemViewController.swift */ = {isa = PBXFileReference; lastKnownFileType = sourcecode.swift; path = AddItemViewController.swift; sourceTree = "<group>"; };
		AF2750392819174A00152BB1 /* whatsnext.app */ = {isa = PBXFileReference; explicitFileType = wrapper.application; includeInIndex = 0; path = whatsnext.app; sourceTree = BUILT_PRODUCTS_DIR; };
		AF27503C2819174A00152BB1 /* AppDelegate.swift */ = {isa = PBXFileReference; lastKnownFileType = sourcecode.swift; path = AppDelegate.swift; sourceTree = "<group>"; };
		AF27503E2819174A00152BB1 /* SceneDelegate.swift */ = {isa = PBXFileReference; lastKnownFileType = sourcecode.swift; path = SceneDelegate.swift; sourceTree = "<group>"; };
		AF2750432819174A00152BB1 /* Base */ = {isa = PBXFileReference; lastKnownFileType = file.storyboard; name = Base; path = Base.lproj/Main.storyboard; sourceTree = "<group>"; };
		AF2750452819174C00152BB1 /* Assets.xcassets */ = {isa = PBXFileReference; lastKnownFileType = folder.assetcatalog; path = Assets.xcassets; sourceTree = "<group>"; };
		AF2750482819174C00152BB1 /* Base */ = {isa = PBXFileReference; lastKnownFileType = file.storyboard; name = Base; path = Base.lproj/LaunchScreen.storyboard; sourceTree = "<group>"; };
		AF27504A2819174C00152BB1 /* Info.plist */ = {isa = PBXFileReference; lastKnownFileType = text.plist.xml; path = Info.plist; sourceTree = "<group>"; };
		AF27504F2819174C00152BB1 /* whatsnextTests.xctest */ = {isa = PBXFileReference; explicitFileType = wrapper.cfbundle; includeInIndex = 0; path = whatsnextTests.xctest; sourceTree = BUILT_PRODUCTS_DIR; };
		AF2750532819174C00152BB1 /* whatsnextTests.swift */ = {isa = PBXFileReference; lastKnownFileType = sourcecode.swift; path = whatsnextTests.swift; sourceTree = "<group>"; };
		AF2750592819174C00152BB1 /* whatsnextUITests.xctest */ = {isa = PBXFileReference; explicitFileType = wrapper.cfbundle; includeInIndex = 0; path = whatsnextUITests.xctest; sourceTree = BUILT_PRODUCTS_DIR; };
		AF27505D2819174C00152BB1 /* whatsnextUITests.swift */ = {isa = PBXFileReference; lastKnownFileType = sourcecode.swift; path = whatsnextUITests.swift; sourceTree = "<group>"; };
		AF27505F2819174C00152BB1 /* whatsnextUITestsLaunchTests.swift */ = {isa = PBXFileReference; lastKnownFileType = sourcecode.swift; path = whatsnextUITestsLaunchTests.swift; sourceTree = "<group>"; };
		AF4D1BB12852C8CA00340A31 /* Subtask+CoreDataClass.swift */ = {isa = PBXFileReference; lastKnownFileType = sourcecode.swift; path = "Subtask+CoreDataClass.swift"; sourceTree = "<group>"; };
		AF4D1BB22852C8CA00340A31 /* Subtask+CoreDataProperties.swift */ = {isa = PBXFileReference; lastKnownFileType = sourcecode.swift; path = "Subtask+CoreDataProperties.swift"; sourceTree = "<group>"; };
		AF4D1BB32852C8CA00340A31 /* Thing+CoreDataClass.swift */ = {isa = PBXFileReference; lastKnownFileType = sourcecode.swift; path = "Thing+CoreDataClass.swift"; sourceTree = "<group>"; };
		AF4D1BB42852C8CA00340A31 /* Thing+CoreDataProperties.swift */ = {isa = PBXFileReference; lastKnownFileType = sourcecode.swift; path = "Thing+CoreDataProperties.swift"; sourceTree = "<group>"; };
		AF4D1BBD2852CB0D00340A31 /* Time+CoreDataClass.swift */ = {isa = PBXFileReference; lastKnownFileType = sourcecode.swift; path = "Time+CoreDataClass.swift"; sourceTree = "<group>"; };
		AF4D1BBE2852CB0D00340A31 /* Time+CoreDataProperties.swift */ = {isa = PBXFileReference; lastKnownFileType = sourcecode.swift; path = "Time+CoreDataProperties.swift"; sourceTree = "<group>"; };
		AF4D1BC12852FBDB00340A31 /* Journal+CoreDataClass.swift */ = {isa = PBXFileReference; lastKnownFileType = sourcecode.swift; path = "Journal+CoreDataClass.swift"; sourceTree = "<group>"; };
		AF4D1BC22852FBDB00340A31 /* Journal+CoreDataProperties.swift */ = {isa = PBXFileReference; lastKnownFileType = sourcecode.swift; path = "Journal+CoreDataProperties.swift"; sourceTree = "<group>"; };
		AF6E0CEC282B82A700FAB86F /* ItemDetailsViewController.swift */ = {isa = PBXFileReference; lastKnownFileType = sourcecode.swift; path = ItemDetailsViewController.swift; sourceTree = "<group>"; };
		AF80AEF92848B297000D670D /* DataModel.xcdatamodel */ = {isa = PBXFileReference; lastKnownFileType = wrapper.xcdatamodel; path = DataModel.xcdatamodel; sourceTree = "<group>"; };
		AF80AEFC2848CE5D000D670D /* Random+CoreDataClass.swift */ = {isa = PBXFileReference; lastKnownFileType = sourcecode.swift; path = "Random+CoreDataClass.swift"; sourceTree = "<group>"; };
		AF80AEFD2848CE5D000D670D /* Random+CoreDataProperties.swift */ = {isa = PBXFileReference; lastKnownFileType = sourcecode.swift; path = "Random+CoreDataProperties.swift"; sourceTree = "<group>"; };
		AF9F80DE283C9F1D00E647DC /* EditItemViewController.swift */ = {isa = PBXFileReference; lastKnownFileType = sourcecode.swift; path = EditItemViewController.swift; sourceTree = "<group>"; };
		AF9F80E0283DD54000E647DC /* TabRandomViewController.swift */ = {isa = PBXFileReference; lastKnownFileType = sourcecode.swift; path = TabRandomViewController.swift; sourceTree = "<group>"; };
		AF9F80E6283F120E00E647DC /* TabSettingsTableViewController.swift */ = {isa = PBXFileReference; lastKnownFileType = sourcecode.swift; path = TabSettingsTableViewController.swift; sourceTree = "<group>"; };
		AF9F80E8283F1D7500E647DC /* TabRoutineViewController.swift */ = {isa = PBXFileReference; lastKnownFileType = sourcecode.swift; path = TabRoutineViewController.swift; sourceTree = "<group>"; };
		AF9F80EA283F535C00E647DC /* AccountViewController.swift */ = {isa = PBXFileReference; lastKnownFileType = sourcecode.swift; path = AccountViewController.swift; sourceTree = "<group>"; };
		AFDC9FB52819244700BB5C39 /* LogInViewController.swift */ = {isa = PBXFileReference; lastKnownFileType = sourcecode.swift; path = LogInViewController.swift; sourceTree = "<group>"; };
		AFDC9FB728192B1900BB5C39 /* Account.swift */ = {isa = PBXFileReference; lastKnownFileType = sourcecode.swift; path = Account.swift; sourceTree = "<group>"; };
		AFDC9FC0281A552100BB5C39 /* GoogleService-Info.plist */ = {isa = PBXFileReference; fileEncoding = 4; lastKnownFileType = text.plist.xml; path = "GoogleService-Info.plist"; sourceTree = "<group>"; };
		AFDC9FC2281A7A4F00BB5C39 /* FirebaseController.swift */ = {isa = PBXFileReference; lastKnownFileType = sourcecode.swift; path = FirebaseController.swift; sourceTree = "<group>"; };
		AFDC9FC4281A7A9000BB5C39 /* DatabaseProtocol.swift */ = {isa = PBXFileReference; lastKnownFileType = sourcecode.swift; path = DatabaseProtocol.swift; sourceTree = "<group>"; };
		AFDC9FC6281A7CC300BB5C39 /* MulticastDelegate.swift */ = {isa = PBXFileReference; fileEncoding = 4; lastKnownFileType = sourcecode.swift; path = MulticastDelegate.swift; sourceTree = "<group>"; };
		AFDC9FC8281A896500BB5C39 /* UIViewController+displayMessage.swift */ = {isa = PBXFileReference; lastKnownFileType = sourcecode.swift; path = "UIViewController+displayMessage.swift"; sourceTree = "<group>"; };
		AFDC9FCA281A930A00BB5C39 /* SignUpViewController.swift */ = {isa = PBXFileReference; lastKnownFileType = sourcecode.swift; path = SignUpViewController.swift; sourceTree = "<group>"; };
		AFDC9FCC281A97D800BB5C39 /* LoadAccountsDelegate.swift */ = {isa = PBXFileReference; lastKnownFileType = sourcecode.swift; path = LoadAccountsDelegate.swift; sourceTree = "<group>"; };
		AFF9BF322823AFD90082AC74 /* EditJournalViewController.swift */ = {isa = PBXFileReference; lastKnownFileType = sourcecode.swift; path = EditJournalViewController.swift; sourceTree = "<group>"; };
/* End PBXFileReference section */

/* Begin PBXFrameworksBuildPhase section */
		AF2750362819174A00152BB1 /* Frameworks */ = {
			isa = PBXFrameworksBuildPhase;
			buildActionMask = 2147483647;
			files = (
				AFDC9FBF281A520200BB5C39 /* FirebaseFirestoreSwift-Beta in Frameworks */,
				AFDC9FBB281A520200BB5C39 /* FirebaseAuth in Frameworks */,
				AFDC9FBD281A520200BB5C39 /* FirebaseFirestore in Frameworks */,
			);
			runOnlyForDeploymentPostprocessing = 0;
		};
		AF27504C2819174C00152BB1 /* Frameworks */ = {
			isa = PBXFrameworksBuildPhase;
			buildActionMask = 2147483647;
			files = (
			);
			runOnlyForDeploymentPostprocessing = 0;
		};
		AF2750562819174C00152BB1 /* Frameworks */ = {
			isa = PBXFrameworksBuildPhase;
			buildActionMask = 2147483647;
			files = (
			);
			runOnlyForDeploymentPostprocessing = 0;
		};
/* End PBXFrameworksBuildPhase section */

/* Begin PBXGroup section */
		AF2750302819174A00152BB1 = {
			isa = PBXGroup;
			children = (
				AF27503B2819174A00152BB1 /* whatsnext */,
				AF2750522819174C00152BB1 /* whatsnextTests */,
				AF27505C2819174C00152BB1 /* whatsnextUITests */,
				AF27503A2819174A00152BB1 /* Products */,
			);
			sourceTree = "<group>";
		};
		AF27503A2819174A00152BB1 /* Products */ = {
			isa = PBXGroup;
			children = (
				AF2750392819174A00152BB1 /* whatsnext.app */,
				AF27504F2819174C00152BB1 /* whatsnextTests.xctest */,
				AF2750592819174C00152BB1 /* whatsnextUITests.xctest */,
			);
			name = Products;
			sourceTree = "<group>";
		};
		AF27503B2819174A00152BB1 /* whatsnext */ = {
			isa = PBXGroup;
			children = (
				AF80AEFB2848B2AC000D670D /* Data */,
				AF80AEF528483F7A000D670D /* Delegate */,
				AF80AEF628483F88000D670D /* ViewController */,
				AF80AEF728483FB7000D670D /* Object */,
				AF2750452819174C00152BB1 /* Assets.xcassets */,
				AF2750422819174A00152BB1 /* Main.storyboard */,
				AF2750472819174C00152BB1 /* LaunchScreen.storyboard */,
				AFDC9FC4281A7A9000BB5C39 /* DatabaseProtocol.swift */,
				AFDC9FC2281A7A4F00BB5C39 /* FirebaseController.swift */,
				AFDC9FC0281A552100BB5C39 /* GoogleService-Info.plist */,
				AF27504A2819174C00152BB1 /* Info.plist */,
			);
			path = whatsnext;
			sourceTree = "<group>";
		};
		AF2750522819174C00152BB1 /* whatsnextTests */ = {
			isa = PBXGroup;
			children = (
				AF2750532819174C00152BB1 /* whatsnextTests.swift */,
			);
			path = whatsnextTests;
			sourceTree = "<group>";
		};
		AF27505C2819174C00152BB1 /* whatsnextUITests */ = {
			isa = PBXGroup;
			children = (
				AF27505D2819174C00152BB1 /* whatsnextUITests.swift */,
				AF27505F2819174C00152BB1 /* whatsnextUITestsLaunchTests.swift */,
			);
			path = whatsnextUITests;
			sourceTree = "<group>";
		};
		AF80AEF528483F7A000D670D /* Delegate */ = {
			isa = PBXGroup;
			children = (
				AF27503C2819174A00152BB1 /* AppDelegate.swift */,
				AF27503E2819174A00152BB1 /* SceneDelegate.swift */,
				AFDC9FC6281A7CC300BB5C39 /* MulticastDelegate.swift */,
				AFDC9FCC281A97D800BB5C39 /* LoadAccountsDelegate.swift */,
			);
			path = Delegate;
			sourceTree = "<group>";
		};
		AF80AEF628483F88000D670D /* ViewController */ = {
			isa = PBXGroup;
			children = (
				AFDC9FC8281A896500BB5C39 /* UIViewController+displayMessage.swift */,
				AFDC9FB52819244700BB5C39 /* LogInViewController.swift */,
				AFDC9FCA281A930A00BB5C39 /* SignUpViewController.swift */,
				AF26B2722822317400ACE8B9 /* TabScheduleViewController.swift */,
				AFF9BF322823AFD90082AC74 /* EditJournalViewController.swift */,
				AF6E0CEC282B82A700FAB86F /* ItemDetailsViewController.swift */,
				AF26B2742822580A00ACE8B9 /* AddItemViewController.swift */,
				AF9F80DE283C9F1D00E647DC /* EditItemViewController.swift */,
				AF9F80E0283DD54000E647DC /* TabRandomViewController.swift */,
				AF9F80E8283F1D7500E647DC /* TabRoutineViewController.swift */,
				AF9F80E6283F120E00E647DC /* TabSettingsTableViewController.swift */,
				AF9F80EA283F535C00E647DC /* AccountViewController.swift */,
			);
			path = ViewController;
			sourceTree = "<group>";
		};
		AF80AEF728483FB7000D670D /* Object */ = {
			isa = PBXGroup;
			children = (
				AFDC9FB728192B1900BB5C39 /* Account.swift */,
			);
			path = Object;
			sourceTree = "<group>";
		};
		AF80AEFB2848B2AC000D670D /* Data */ = {
			isa = PBXGroup;
			children = (
				AF80AEF82848B297000D670D /* DataModel.xcdatamodeld */,
				AF80AEFC2848CE5D000D670D /* Random+CoreDataClass.swift */,
				AF80AEFD2848CE5D000D670D /* Random+CoreDataProperties.swift */,
				AF4D1BB12852C8CA00340A31 /* Subtask+CoreDataClass.swift */,
				AF4D1BB22852C8CA00340A31 /* Subtask+CoreDataProperties.swift */,
				AF4D1BB32852C8CA00340A31 /* Thing+CoreDataClass.swift */,
				AF4D1BB42852C8CA00340A31 /* Thing+CoreDataProperties.swift */,
				AF4D1BBD2852CB0D00340A31 /* Time+CoreDataClass.swift */,
				AF4D1BBE2852CB0D00340A31 /* Time+CoreDataProperties.swift */,
				AF4D1BC12852FBDB00340A31 /* Journal+CoreDataClass.swift */,
				AF4D1BC22852FBDB00340A31 /* Journal+CoreDataProperties.swift */,
			);
			path = Data;
			sourceTree = "<group>";
		};
/* End PBXGroup section */

/* Begin PBXNativeTarget section */
		AF2750382819174A00152BB1 /* whatsnext */ = {
			isa = PBXNativeTarget;
			buildConfigurationList = AF2750632819174C00152BB1 /* Build configuration list for PBXNativeTarget "whatsnext" */;
			buildPhases = (
				AF2750352819174A00152BB1 /* Sources */,
				AF2750362819174A00152BB1 /* Frameworks */,
				AF2750372819174A00152BB1 /* Resources */,
			);
			buildRules = (
			);
			dependencies = (
			);
			name = whatsnext;
			packageProductDependencies = (
				AFDC9FBA281A520200BB5C39 /* FirebaseAuth */,
				AFDC9FBC281A520200BB5C39 /* FirebaseFirestore */,
				AFDC9FBE281A520200BB5C39 /* FirebaseFirestoreSwift-Beta */,
			);
			productName = whatsnext;
			productReference = AF2750392819174A00152BB1 /* whatsnext.app */;
			productType = "com.apple.product-type.application";
		};
		AF27504E2819174C00152BB1 /* whatsnextTests */ = {
			isa = PBXNativeTarget;
			buildConfigurationList = AF2750662819174C00152BB1 /* Build configuration list for PBXNativeTarget "whatsnextTests" */;
			buildPhases = (
				AF27504B2819174C00152BB1 /* Sources */,
				AF27504C2819174C00152BB1 /* Frameworks */,
				AF27504D2819174C00152BB1 /* Resources */,
			);
			buildRules = (
			);
			dependencies = (
				AF2750512819174C00152BB1 /* PBXTargetDependency */,
			);
			name = whatsnextTests;
			productName = whatsnextTests;
			productReference = AF27504F2819174C00152BB1 /* whatsnextTests.xctest */;
			productType = "com.apple.product-type.bundle.unit-test";
		};
		AF2750582819174C00152BB1 /* whatsnextUITests */ = {
			isa = PBXNativeTarget;
			buildConfigurationList = AF2750692819174C00152BB1 /* Build configuration list for PBXNativeTarget "whatsnextUITests" */;
			buildPhases = (
				AF2750552819174C00152BB1 /* Sources */,
				AF2750562819174C00152BB1 /* Frameworks */,
				AF2750572819174C00152BB1 /* Resources */,
			);
			buildRules = (
			);
			dependencies = (
				AF27505B2819174C00152BB1 /* PBXTargetDependency */,
			);
			name = whatsnextUITests;
			productName = whatsnextUITests;
			productReference = AF2750592819174C00152BB1 /* whatsnextUITests.xctest */;
			productType = "com.apple.product-type.bundle.ui-testing";
		};
/* End PBXNativeTarget section */

/* Begin PBXProject section */
		AF2750312819174A00152BB1 /* Project object */ = {
			isa = PBXProject;
			attributes = {
				BuildIndependentTargetsInParallel = 1;
				LastSwiftUpdateCheck = 1330;
				LastUpgradeCheck = 1330;
				TargetAttributes = {
					AF2750382819174A00152BB1 = {
						CreatedOnToolsVersion = 13.3.1;
					};
					AF27504E2819174C00152BB1 = {
						CreatedOnToolsVersion = 13.3.1;
						TestTargetID = AF2750382819174A00152BB1;
					};
					AF2750582819174C00152BB1 = {
						CreatedOnToolsVersion = 13.3.1;
						TestTargetID = AF2750382819174A00152BB1;
					};
				};
			};
			buildConfigurationList = AF2750342819174A00152BB1 /* Build configuration list for PBXProject "whatsnext" */;
			compatibilityVersion = "Xcode 13.0";
			developmentRegion = en;
			hasScannedForEncodings = 0;
			knownRegions = (
				en,
				Base,
			);
			mainGroup = AF2750302819174A00152BB1;
			packageReferences = (
				AFDC9FB9281A520200BB5C39 /* XCRemoteSwiftPackageReference "firebase-ios-sdk" */,
			);
			productRefGroup = AF27503A2819174A00152BB1 /* Products */;
			projectDirPath = "";
			projectRoot = "";
			targets = (
				AF2750382819174A00152BB1 /* whatsnext */,
				AF27504E2819174C00152BB1 /* whatsnextTests */,
				AF2750582819174C00152BB1 /* whatsnextUITests */,
			);
		};
/* End PBXProject section */

/* Begin PBXResourcesBuildPhase section */
		AF2750372819174A00152BB1 /* Resources */ = {
			isa = PBXResourcesBuildPhase;
			buildActionMask = 2147483647;
			files = (
				AF2750492819174C00152BB1 /* LaunchScreen.storyboard in Resources */,
				AFDC9FC1281A552100BB5C39 /* GoogleService-Info.plist in Resources */,
				AF2750462819174C00152BB1 /* Assets.xcassets in Resources */,
				AF2750442819174A00152BB1 /* Main.storyboard in Resources */,
			);
			runOnlyForDeploymentPostprocessing = 0;
		};
		AF27504D2819174C00152BB1 /* Resources */ = {
			isa = PBXResourcesBuildPhase;
			buildActionMask = 2147483647;
			files = (
			);
			runOnlyForDeploymentPostprocessing = 0;
		};
		AF2750572819174C00152BB1 /* Resources */ = {
			isa = PBXResourcesBuildPhase;
			buildActionMask = 2147483647;
			files = (
			);
			runOnlyForDeploymentPostprocessing = 0;
		};
/* End PBXResourcesBuildPhase section */

/* Begin PBXSourcesBuildPhase section */
		AF2750352819174A00152BB1 /* Sources */ = {
			isa = PBXSourcesBuildPhase;
			buildActionMask = 2147483647;
			files = (
				AFDC9FB828192B1900BB5C39 /* Account.swift in Sources */,
				AF9F80DF283C9F1D00E647DC /* EditItemViewController.swift in Sources */,
				AFDC9FB62819244700BB5C39 /* LogInViewController.swift in Sources */,
				AF6E0CED282B82A700FAB86F /* ItemDetailsViewController.swift in Sources */,
				AFF9BF332823AFD90082AC74 /* EditJournalViewController.swift in Sources */,
				AF9F80E9283F1D7500E647DC /* TabRoutineViewController.swift in Sources */,
				AF4D1BBA2852C8CA00340A31 /* Thing+CoreDataProperties.swift in Sources */,
				AF4D1BC32852FBDB00340A31 /* Journal+CoreDataClass.swift in Sources */,
				AF9F80E1283DD54000E647DC /* TabRandomViewController.swift in Sources */,
				AF4D1BB92852C8CA00340A31 /* Thing+CoreDataClass.swift in Sources */,
				AF4D1BB72852C8CA00340A31 /* Subtask+CoreDataClass.swift in Sources */,
				AF80AEFA2848B297000D670D /* DataModel.xcdatamodeld in Sources */,
				AFDC9FC9281A896500BB5C39 /* UIViewController+displayMessage.swift in Sources */,
				AF9F80EB283F535C00E647DC /* AccountViewController.swift in Sources */,
				AFDC9FCD281A97D800BB5C39 /* LoadAccountsDelegate.swift in Sources */,
				AF26B2752822580A00ACE8B9 /* AddItemViewController.swift in Sources */,
				AFDC9FCB281A930A00BB5C39 /* SignUpViewController.swift in Sources */,
				AF4D1BB82852C8CA00340A31 /* Subtask+CoreDataProperties.swift in Sources */,
				AF9F80E7283F120E00E647DC /* TabSettingsTableViewController.swift in Sources */,
				AFDC9FC7281A7CC300BB5C39 /* MulticastDelegate.swift in Sources */,
				AF80AEFE2848CE5D000D670D /* Random+CoreDataClass.swift in Sources */,
				AF4D1BBF2852CB0D00340A31 /* Time+CoreDataClass.swift in Sources */,
				AF4D1BC42852FBDB00340A31 /* Journal+CoreDataProperties.swift in Sources */,
				AF27503D2819174A00152BB1 /* AppDelegate.swift in Sources */,
				AF4D1BC02852CB0D00340A31 /* Time+CoreDataProperties.swift in Sources */,
				AFDC9FC3281A7A4F00BB5C39 /* FirebaseController.swift in Sources */,
				AF80AEFF2848CE5D000D670D /* Random+CoreDataProperties.swift in Sources */,
				AF26B2732822317400ACE8B9 /* TabScheduleViewController.swift in Sources */,
				AF27503F2819174A00152BB1 /* SceneDelegate.swift in Sources */,
				AFDC9FC5281A7A9000BB5C39 /* DatabaseProtocol.swift in Sources */,
			);
			runOnlyForDeploymentPostprocessing = 0;
		};
		AF27504B2819174C00152BB1 /* Sources */ = {
			isa = PBXSourcesBuildPhase;
			buildActionMask = 2147483647;
			files = (
				AF2750542819174C00152BB1 /* whatsnextTests.swift in Sources */,
			);
			runOnlyForDeploymentPostprocessing = 0;
		};
		AF2750552819174C00152BB1 /* Sources */ = {
			isa = PBXSourcesBuildPhase;
			buildActionMask = 2147483647;
			files = (
				AF27505E2819174C00152BB1 /* whatsnextUITests.swift in Sources */,
				AF2750602819174C00152BB1 /* whatsnextUITestsLaunchTests.swift in Sources */,
			);
			runOnlyForDeploymentPostprocessing = 0;
		};
/* End PBXSourcesBuildPhase section */

/* Begin PBXTargetDependency section */
		AF2750512819174C00152BB1 /* PBXTargetDependency */ = {
			isa = PBXTargetDependency;
			target = AF2750382819174A00152BB1 /* whatsnext */;
			targetProxy = AF2750502819174C00152BB1 /* PBXContainerItemProxy */;
		};
		AF27505B2819174C00152BB1 /* PBXTargetDependency */ = {
			isa = PBXTargetDependency;
			target = AF2750382819174A00152BB1 /* whatsnext */;
			targetProxy = AF27505A2819174C00152BB1 /* PBXContainerItemProxy */;
		};
/* End PBXTargetDependency section */

/* Begin PBXVariantGroup section */
		AF2750422819174A00152BB1 /* Main.storyboard */ = {
			isa = PBXVariantGroup;
			children = (
				AF2750432819174A00152BB1 /* Base */,
			);
			name = Main.storyboard;
			sourceTree = "<group>";
		};
		AF2750472819174C00152BB1 /* LaunchScreen.storyboard */ = {
			isa = PBXVariantGroup;
			children = (
				AF2750482819174C00152BB1 /* Base */,
			);
			name = LaunchScreen.storyboard;
			sourceTree = "<group>";
		};
/* End PBXVariantGroup section */

/* Begin XCBuildConfiguration section */
		AF2750612819174C00152BB1 /* Debug */ = {
			isa = XCBuildConfiguration;
			buildSettings = {
				ALWAYS_SEARCH_USER_PATHS = NO;
				CLANG_ANALYZER_NONNULL = YES;
				CLANG_ANALYZER_NUMBER_OBJECT_CONVERSION = YES_AGGRESSIVE;
				CLANG_CXX_LANGUAGE_STANDARD = "gnu++17";
				CLANG_ENABLE_MODULES = YES;
				CLANG_ENABLE_OBJC_ARC = YES;
				CLANG_ENABLE_OBJC_WEAK = YES;
				CLANG_WARN_BLOCK_CAPTURE_AUTORELEASING = YES;
				CLANG_WARN_BOOL_CONVERSION = YES;
				CLANG_WARN_COMMA = YES;
				CLANG_WARN_CONSTANT_CONVERSION = YES;
				CLANG_WARN_DEPRECATED_OBJC_IMPLEMENTATIONS = YES;
				CLANG_WARN_DIRECT_OBJC_ISA_USAGE = YES_ERROR;
				CLANG_WARN_DOCUMENTATION_COMMENTS = YES;
				CLANG_WARN_EMPTY_BODY = YES;
				CLANG_WARN_ENUM_CONVERSION = YES;
				CLANG_WARN_INFINITE_RECURSION = YES;
				CLANG_WARN_INT_CONVERSION = YES;
				CLANG_WARN_NON_LITERAL_NULL_CONVERSION = YES;
				CLANG_WARN_OBJC_IMPLICIT_RETAIN_SELF = YES;
				CLANG_WARN_OBJC_LITERAL_CONVERSION = YES;
				CLANG_WARN_OBJC_ROOT_CLASS = YES_ERROR;
				CLANG_WARN_QUOTED_INCLUDE_IN_FRAMEWORK_HEADER = YES;
				CLANG_WARN_RANGE_LOOP_ANALYSIS = YES;
				CLANG_WARN_STRICT_PROTOTYPES = YES;
				CLANG_WARN_SUSPICIOUS_MOVE = YES;
				CLANG_WARN_UNGUARDED_AVAILABILITY = YES_AGGRESSIVE;
				CLANG_WARN_UNREACHABLE_CODE = YES;
				CLANG_WARN__DUPLICATE_METHOD_MATCH = YES;
				COPY_PHASE_STRIP = NO;
				DEBUG_INFORMATION_FORMAT = dwarf;
				ENABLE_STRICT_OBJC_MSGSEND = YES;
				ENABLE_TESTABILITY = YES;
				GCC_C_LANGUAGE_STANDARD = gnu11;
				GCC_DYNAMIC_NO_PIC = NO;
				GCC_NO_COMMON_BLOCKS = YES;
				GCC_OPTIMIZATION_LEVEL = 0;
				GCC_PREPROCESSOR_DEFINITIONS = (
					"DEBUG=1",
					"$(inherited)",
				);
				GCC_WARN_64_TO_32_BIT_CONVERSION = YES;
				GCC_WARN_ABOUT_RETURN_TYPE = YES_ERROR;
				GCC_WARN_UNDECLARED_SELECTOR = YES;
				GCC_WARN_UNINITIALIZED_AUTOS = YES_AGGRESSIVE;
				GCC_WARN_UNUSED_FUNCTION = YES;
				GCC_WARN_UNUSED_VARIABLE = YES;
				IPHONEOS_DEPLOYMENT_TARGET = 15.4;
				MTL_ENABLE_DEBUG_INFO = INCLUDE_SOURCE;
				MTL_FAST_MATH = YES;
				ONLY_ACTIVE_ARCH = YES;
				SDKROOT = iphoneos;
				SWIFT_ACTIVE_COMPILATION_CONDITIONS = DEBUG;
				SWIFT_OPTIMIZATION_LEVEL = "-Onone";
			};
			name = Debug;
		};
		AF2750622819174C00152BB1 /* Release */ = {
			isa = XCBuildConfiguration;
			buildSettings = {
				ALWAYS_SEARCH_USER_PATHS = NO;
				CLANG_ANALYZER_NONNULL = YES;
				CLANG_ANALYZER_NUMBER_OBJECT_CONVERSION = YES_AGGRESSIVE;
				CLANG_CXX_LANGUAGE_STANDARD = "gnu++17";
				CLANG_ENABLE_MODULES = YES;
				CLANG_ENABLE_OBJC_ARC = YES;
				CLANG_ENABLE_OBJC_WEAK = YES;
				CLANG_WARN_BLOCK_CAPTURE_AUTORELEASING = YES;
				CLANG_WARN_BOOL_CONVERSION = YES;
				CLANG_WARN_COMMA = YES;
				CLANG_WARN_CONSTANT_CONVERSION = YES;
				CLANG_WARN_DEPRECATED_OBJC_IMPLEMENTATIONS = YES;
				CLANG_WARN_DIRECT_OBJC_ISA_USAGE = YES_ERROR;
				CLANG_WARN_DOCUMENTATION_COMMENTS = YES;
				CLANG_WARN_EMPTY_BODY = YES;
				CLANG_WARN_ENUM_CONVERSION = YES;
				CLANG_WARN_INFINITE_RECURSION = YES;
				CLANG_WARN_INT_CONVERSION = YES;
				CLANG_WARN_NON_LITERAL_NULL_CONVERSION = YES;
				CLANG_WARN_OBJC_IMPLICIT_RETAIN_SELF = YES;
				CLANG_WARN_OBJC_LITERAL_CONVERSION = YES;
				CLANG_WARN_OBJC_ROOT_CLASS = YES_ERROR;
				CLANG_WARN_QUOTED_INCLUDE_IN_FRAMEWORK_HEADER = YES;
				CLANG_WARN_RANGE_LOOP_ANALYSIS = YES;
				CLANG_WARN_STRICT_PROTOTYPES = YES;
				CLANG_WARN_SUSPICIOUS_MOVE = YES;
				CLANG_WARN_UNGUARDED_AVAILABILITY = YES_AGGRESSIVE;
				CLANG_WARN_UNREACHABLE_CODE = YES;
				CLANG_WARN__DUPLICATE_METHOD_MATCH = YES;
				COPY_PHASE_STRIP = NO;
				DEBUG_INFORMATION_FORMAT = "dwarf-with-dsym";
				ENABLE_NS_ASSERTIONS = NO;
				ENABLE_STRICT_OBJC_MSGSEND = YES;
				GCC_C_LANGUAGE_STANDARD = gnu11;
				GCC_NO_COMMON_BLOCKS = YES;
				GCC_WARN_64_TO_32_BIT_CONVERSION = YES;
				GCC_WARN_ABOUT_RETURN_TYPE = YES_ERROR;
				GCC_WARN_UNDECLARED_SELECTOR = YES;
				GCC_WARN_UNINITIALIZED_AUTOS = YES_AGGRESSIVE;
				GCC_WARN_UNUSED_FUNCTION = YES;
				GCC_WARN_UNUSED_VARIABLE = YES;
				IPHONEOS_DEPLOYMENT_TARGET = 15.4;
				MTL_ENABLE_DEBUG_INFO = NO;
				MTL_FAST_MATH = YES;
				SDKROOT = iphoneos;
				SWIFT_COMPILATION_MODE = wholemodule;
				SWIFT_OPTIMIZATION_LEVEL = "-O";
				VALIDATE_PRODUCT = YES;
			};
			name = Release;
		};
		AF2750642819174C00152BB1 /* Debug */ = {
			isa = XCBuildConfiguration;
			buildSettings = {
				ASSETCATALOG_COMPILER_APPICON_NAME = AppIcon;
				ASSETCATALOG_COMPILER_GLOBAL_ACCENT_COLOR_NAME = AccentColor;
				CODE_SIGN_STYLE = Automatic;
				CURRENT_PROJECT_VERSION = 1;
				GENERATE_INFOPLIST_FILE = YES;
				INFOPLIST_FILE = whatsnext/Info.plist;
				INFOPLIST_KEY_UIApplicationSupportsIndirectInputEvents = YES;
				INFOPLIST_KEY_UILaunchStoryboardName = LaunchScreen;
				INFOPLIST_KEY_UIMainStoryboardFile = Main;
				INFOPLIST_KEY_UISupportedInterfaceOrientations_iPad = "UIInterfaceOrientationPortrait UIInterfaceOrientationPortraitUpsideDown UIInterfaceOrientationLandscapeLeft UIInterfaceOrientationLandscapeRight";
				INFOPLIST_KEY_UISupportedInterfaceOrientations_iPhone = "UIInterfaceOrientationPortrait UIInterfaceOrientationLandscapeLeft UIInterfaceOrientationLandscapeRight";
				LD_RUNPATH_SEARCH_PATHS = (
					"$(inherited)",
					"@executable_path/Frameworks",
				);
				MARKETING_VERSION = 1.0;
				PRODUCT_BUNDLE_IDENTIFIER = monash.edu.whatsnext;
				PRODUCT_NAME = "$(TARGET_NAME)";
				SWIFT_EMIT_LOC_STRINGS = YES;
				SWIFT_VERSION = 5.0;
				TARGETED_DEVICE_FAMILY = "1,2";
			};
			name = Debug;
		};
		AF2750652819174C00152BB1 /* Release */ = {
			isa = XCBuildConfiguration;
			buildSettings = {
				ASSETCATALOG_COMPILER_APPICON_NAME = AppIcon;
				ASSETCATALOG_COMPILER_GLOBAL_ACCENT_COLOR_NAME = AccentColor;
				CODE_SIGN_STYLE = Automatic;
				CURRENT_PROJECT_VERSION = 1;
				GENERATE_INFOPLIST_FILE = YES;
				INFOPLIST_FILE = whatsnext/Info.plist;
				INFOPLIST_KEY_UIApplicationSupportsIndirectInputEvents = YES;
				INFOPLIST_KEY_UILaunchStoryboardName = LaunchScreen;
				INFOPLIST_KEY_UIMainStoryboardFile = Main;
				INFOPLIST_KEY_UISupportedInterfaceOrientations_iPad = "UIInterfaceOrientationPortrait UIInterfaceOrientationPortraitUpsideDown UIInterfaceOrientationLandscapeLeft UIInterfaceOrientationLandscapeRight";
				INFOPLIST_KEY_UISupportedInterfaceOrientations_iPhone = "UIInterfaceOrientationPortrait UIInterfaceOrientationLandscapeLeft UIInterfaceOrientationLandscapeRight";
				LD_RUNPATH_SEARCH_PATHS = (
					"$(inherited)",
					"@executable_path/Frameworks",
				);
				MARKETING_VERSION = 1.0;
				PRODUCT_BUNDLE_IDENTIFIER = monash.edu.whatsnext;
				PRODUCT_NAME = "$(TARGET_NAME)";
				SWIFT_EMIT_LOC_STRINGS = YES;
				SWIFT_VERSION = 5.0;
				TARGETED_DEVICE_FAMILY = "1,2";
			};
			name = Release;
		};
		AF2750672819174C00152BB1 /* Debug */ = {
			isa = XCBuildConfiguration;
			buildSettings = {
				ALWAYS_EMBED_SWIFT_STANDARD_LIBRARIES = YES;
				BUNDLE_LOADER = "$(TEST_HOST)";
				CODE_SIGN_STYLE = Automatic;
				CURRENT_PROJECT_VERSION = 1;
				GENERATE_INFOPLIST_FILE = YES;
				IPHONEOS_DEPLOYMENT_TARGET = 15.4;
				MARKETING_VERSION = 1.0;
				PRODUCT_BUNDLE_IDENTIFIER = monash.edu.whatsnextTests;
				PRODUCT_NAME = "$(TARGET_NAME)";
				SWIFT_EMIT_LOC_STRINGS = NO;
				SWIFT_VERSION = 5.0;
				TARGETED_DEVICE_FAMILY = "1,2";
				TEST_HOST = "$(BUILT_PRODUCTS_DIR)/whatsnext.app/whatsnext";
			};
			name = Debug;
		};
		AF2750682819174C00152BB1 /* Release */ = {
			isa = XCBuildConfiguration;
			buildSettings = {
				ALWAYS_EMBED_SWIFT_STANDARD_LIBRARIES = YES;
				BUNDLE_LOADER = "$(TEST_HOST)";
				CODE_SIGN_STYLE = Automatic;
				CURRENT_PROJECT_VERSION = 1;
				GENERATE_INFOPLIST_FILE = YES;
				IPHONEOS_DEPLOYMENT_TARGET = 15.4;
				MARKETING_VERSION = 1.0;
				PRODUCT_BUNDLE_IDENTIFIER = monash.edu.whatsnextTests;
				PRODUCT_NAME = "$(TARGET_NAME)";
				SWIFT_EMIT_LOC_STRINGS = NO;
				SWIFT_VERSION = 5.0;
				TARGETED_DEVICE_FAMILY = "1,2";
				TEST_HOST = "$(BUILT_PRODUCTS_DIR)/whatsnext.app/whatsnext";
			};
			name = Release;
		};
		AF27506A2819174C00152BB1 /* Debug */ = {
			isa = XCBuildConfiguration;
			buildSettings = {
				ALWAYS_EMBED_SWIFT_STANDARD_LIBRARIES = YES;
				CODE_SIGN_STYLE = Automatic;
				CURRENT_PROJECT_VERSION = 1;
				GENERATE_INFOPLIST_FILE = YES;
				MARKETING_VERSION = 1.0;
				PRODUCT_BUNDLE_IDENTIFIER = monash.edu.whatsnextUITests;
				PRODUCT_NAME = "$(TARGET_NAME)";
				SWIFT_EMIT_LOC_STRINGS = NO;
				SWIFT_VERSION = 5.0;
				TARGETED_DEVICE_FAMILY = "1,2";
				TEST_TARGET_NAME = whatsnext;
			};
			name = Debug;
		};
		AF27506B2819174C00152BB1 /* Release */ = {
			isa = XCBuildConfiguration;
			buildSettings = {
				ALWAYS_EMBED_SWIFT_STANDARD_LIBRARIES = YES;
				CODE_SIGN_STYLE = Automatic;
				CURRENT_PROJECT_VERSION = 1;
				GENERATE_INFOPLIST_FILE = YES;
				MARKETING_VERSION = 1.0;
				PRODUCT_BUNDLE_IDENTIFIER = monash.edu.whatsnextUITests;
				PRODUCT_NAME = "$(TARGET_NAME)";
				SWIFT_EMIT_LOC_STRINGS = NO;
				SWIFT_VERSION = 5.0;
				TARGETED_DEVICE_FAMILY = "1,2";
				TEST_TARGET_NAME = whatsnext;
			};
			name = Release;
		};
/* End XCBuildConfiguration section */

/* Begin XCConfigurationList section */
		AF2750342819174A00152BB1 /* Build configuration list for PBXProject "whatsnext" */ = {
			isa = XCConfigurationList;
			buildConfigurations = (
				AF2750612819174C00152BB1 /* Debug */,
				AF2750622819174C00152BB1 /* Release */,
			);
			defaultConfigurationIsVisible = 0;
			defaultConfigurationName = Release;
		};
		AF2750632819174C00152BB1 /* Build configuration list for PBXNativeTarget "whatsnext" */ = {
			isa = XCConfigurationList;
			buildConfigurations = (
				AF2750642819174C00152BB1 /* Debug */,
				AF2750652819174C00152BB1 /* Release */,
			);
			defaultConfigurationIsVisible = 0;
			defaultConfigurationName = Release;
		};
		AF2750662819174C00152BB1 /* Build configuration list for PBXNativeTarget "whatsnextTests" */ = {
			isa = XCConfigurationList;
			buildConfigurations = (
				AF2750672819174C00152BB1 /* Debug */,
				AF2750682819174C00152BB1 /* Release */,
			);
			defaultConfigurationIsVisible = 0;
			defaultConfigurationName = Release;
		};
		AF2750692819174C00152BB1 /* Build configuration list for PBXNativeTarget "whatsnextUITests" */ = {
			isa = XCConfigurationList;
			buildConfigurations = (
				AF27506A2819174C00152BB1 /* Debug */,
				AF27506B2819174C00152BB1 /* Release */,
			);
			defaultConfigurationIsVisible = 0;
			defaultConfigurationName = Release;
		};
/* End XCConfigurationList section */

/* Begin XCRemoteSwiftPackageReference section */
		AFDC9FB9281A520200BB5C39 /* XCRemoteSwiftPackageReference "firebase-ios-sdk" */ = {
			isa = XCRemoteSwiftPackageReference;
			repositoryURL = "https://github.com/firebase/firebase-ios-sdk.git";
			requirement = {
				kind = upToNextMajorVersion;
				minimumVersion = 8.0.0;
			};
		};
/* End XCRemoteSwiftPackageReference section */

/* Begin XCSwiftPackageProductDependency section */
		AFDC9FBA281A520200BB5C39 /* FirebaseAuth */ = {
			isa = XCSwiftPackageProductDependency;
			package = AFDC9FB9281A520200BB5C39 /* XCRemoteSwiftPackageReference "firebase-ios-sdk" */;
			productName = FirebaseAuth;
		};
		AFDC9FBC281A520200BB5C39 /* FirebaseFirestore */ = {
			isa = XCSwiftPackageProductDependency;
			package = AFDC9FB9281A520200BB5C39 /* XCRemoteSwiftPackageReference "firebase-ios-sdk" */;
			productName = FirebaseFirestore;
		};
		AFDC9FBE281A520200BB5C39 /* FirebaseFirestoreSwift-Beta */ = {
			isa = XCSwiftPackageProductDependency;
			package = AFDC9FB9281A520200BB5C39 /* XCRemoteSwiftPackageReference "firebase-ios-sdk" */;
			productName = "FirebaseFirestoreSwift-Beta";
		};
/* End XCSwiftPackageProductDependency section */

/* Begin XCVersionGroup section */
		AF80AEF82848B297000D670D /* DataModel.xcdatamodeld */ = {
			isa = XCVersionGroup;
			children = (
				AF80AEF92848B297000D670D /* DataModel.xcdatamodel */,
			);
			currentVersion = AF80AEF92848B297000D670D /* DataModel.xcdatamodel */;
			path = DataModel.xcdatamodeld;
			sourceTree = "<group>";
			versionGroupType = wrapper.xcdatamodel;
		};
/* End XCVersionGroup section */
	};
	rootObject = AF2750312819174A00152BB1 /* Project object */;
}
